// !$*UTF8*$!
{
	archiveVersion = 1;
	classes = {
	};
	objectVersion = 46;
	objects = {

/* Begin PBXBuildFile section */
		885DB8071C02C1F700B9138A /* main.m in Sources */ = {isa = PBXBuildFile; fileRef = 885DB8061C02C1F700B9138A /* main.m */; };
		885DB80A1C02C1F700B9138A /* AppDelegate.m in Sources */ = {isa = PBXBuildFile; fileRef = 885DB8091C02C1F700B9138A /* AppDelegate.m */; };
		885DB80D1C02C1F700B9138A /* ViewController.m in Sources */ = {isa = PBXBuildFile; fileRef = 885DB80C1C02C1F700B9138A /* ViewController.m */; };
		885DB8101C02C1F700B9138A /* Main.storyboard in Resources */ = {isa = PBXBuildFile; fileRef = 885DB80E1C02C1F700B9138A /* Main.storyboard */; };
		885DB8121C02C1F700B9138A /* Images.xcassets in Resources */ = {isa = PBXBuildFile; fileRef = 885DB8111C02C1F700B9138A /* Images.xcassets */; };
		885DB8151C02C1F700B9138A /* LaunchScreen.xib in Resources */ = {isa = PBXBuildFile; fileRef = 885DB8131C02C1F700B9138A /* LaunchScreen.xib */; };
		885DB8211C02C1F700B9138A /* AppleWatchTests.m in Sources */ = {isa = PBXBuildFile; fileRef = 885DB8201C02C1F700B9138A /* AppleWatchTests.m */; };
		885DB82B1C02C21100B9138A /* 钟表.png in Resources */ = {isa = PBXBuildFile; fileRef = 885DB82A1C02C21100B9138A /* 钟表.png */; };
/* End PBXBuildFile section */

/* Begin PBXContainerItemProxy section */
		885DB81B1C02C1F700B9138A /* PBXContainerItemProxy */ = {
			isa = PBXContainerItemProxy;
			containerPortal = 885DB7F91C02C1F700B9138A /* Project object */;
			proxyType = 1;
			remoteGlobalIDString = 885DB8001C02C1F700B9138A;
			remoteInfo = AppleWatch;
		};
/* End PBXContainerItemProxy section */

/* Begin PBXFileReference section */
		885DB8011C02C1F700B9138A /* AppleWatch.app */ = {isa = PBXFileReference; explicitFileType = wrapper.application; includeInIndex = 0; path = AppleWatch.app; sourceTree = BUILT_PRODUCTS_DIR; };
		885DB8051C02C1F700B9138A /* Info.plist */ = {isa = PBXFileReference; lastKnownFileType = text.plist.xml; path = Info.plist; sourceTree = "<group>"; };
		885DB8061C02C1F700B9138A /* main.m */ = {isa = PBXFileReference; lastKnownFileType = sourcecode.c.objc; path = main.m; sourceTree = "<group>"; };
		885DB8081C02C1F700B9138A /* AppDelegate.h */ = {isa = PBXFileReference; lastKnownFileType = sourcecode.c.h; path = AppDelegate.h; sourceTree = "<group>"; };
		885DB8091C02C1F700B9138A /* AppDelegate.m */ = {isa = PBXFileReference; lastKnownFileType = sourcecode.c.objc; path = AppDelegate.m; sourceTree = "<group>"; };
		885DB80B1C02C1F700B9138A /* ViewController.h */ = {isa = PBXFileReference; lastKnownFileType = sourcecode.c.h; path = ViewController.h; sourceTree = "<group>"; };
		885DB80C1C02C1F700B9138A /* ViewController.m */ = {isa = PBXFileReference; lastKnownFileType = sourcecode.c.objc; path = ViewController.m; sourceTree = "<group>"; };
		885DB80F1C02C1F700B9138A /* Base */ = {isa = PBXFileReference; lastKnownFileType = file.storyboard; name = Base; path = Base.lproj/Main.storyboard; sourceTree = "<group>"; };
		885DB8111C02C1F700B9138A /* Images.xcassets */ = {isa = PBXFileReference; lastKnownFileType = folder.assetcatalog; path = Images.xcassets; sourceTree = "<group>"; };
		885DB8141C02C1F700B9138A /* Base */ = {isa = PBXFileReference; lastKnownFileType = file.xib; name = Base; path = Base.lproj/LaunchScreen.xib; sourceTree = "<group>"; };
		885DB81A1C02C1F700B9138A /* AppleWatchTests.xctest */ = {isa = PBXFileReference; explicitFileType = wrapper.cfbundle; includeInIndex = 0; path = AppleWatchTests.xctest; sourceTree = BUILT_PRODUCTS_DIR; };
		885DB81F1C02C1F700B9138A /* Info.plist */ = {isa = PBXFileReference; lastKnownFileType = text.plist.xml; path = Info.plist; sourceTree = "<group>"; };
		885DB8201C02C1F700B9138A /* AppleWatchTests.m */ = {isa = PBXFileReference; lastKnownFileType = sourcecode.c.objc; path = AppleWatchTests.m; sourceTree = "<group>"; };
		885DB82A1C02C21100B9138A /* 钟表.png */ = {isa = PBXFileReference; lastKnownFileType = image.png; path = "钟表.png"; sourceTree = "<group>"; };
/* End PBXFileReference section */

/* Begin PBXFrameworksBuildPhase section */
		885DB7FE1C02C1F700B9138A /* Frameworks */ = {
			isa = PBXFrameworksBuildPhase;
			buildActionMask = 2147483647;
			files = (
			);
			runOnlyForDeploymentPostprocessing = 0;
		};
		885DB8171C02C1F700B9138A /* Frameworks */ = {
			isa = PBXFrameworksBuildPhase;
			buildActionMask = 2147483647;
			files = (
			);
			runOnlyForDeploymentPostprocessing = 0;
		};
/* End PBXFrameworksBuildPhase section */

/* Begin PBXGroup section */
		885DB7F81C02C1F700B9138A = {
			isa = PBXGroup;
			children = (
				885DB8031C02C1F700B9138A /* AppleWatch */,
				885DB81D1C02C1F700B9138A /* AppleWatchTests */,
				885DB8021C02C1F700B9138A /* Products */,
			);
			sourceTree = "<group>";
		};
		885DB8021C02C1F700B9138A /* Products */ = {
			isa = PBXGroup;
			children = (
				885DB8011C02C1F700B9138A /* AppleWatch.app */,
				885DB81A1C02C1F700B9138A /* AppleWatchTests.xctest */,
			);
			name = Products;
			sourceTree = "<group>";
		};
		885DB8031C02C1F700B9138A /* AppleWatch */ = {
			isa = PBXGroup;
			children = (
				885DB82A1C02C21100B9138A /* 钟表.png */,
				885DB8081C02C1F700B9138A /* AppDelegate.h */,
				885DB8091C02C1F700B9138A /* AppDelegate.m */,
				885DB80B1C02C1F700B9138A /* ViewController.h */,
				885DB80C1C02C1F700B9138A /* ViewController.m */,
				885DB80E1C02C1F700B9138A /* Main.storyboard */,
				885DB8111C02C1F700B9138A /* Images.xcassets */,
				885DB8131C02C1F700B9138A /* LaunchScreen.xib */,
				885DB8041C02C1F700B9138A /* Supporting Files */,
			);
			path = AppleWatch;
			sourceTree = "<group>";
		};
		885DB8041C02C1F700B9138A /* Supporting Files */ = {
			isa = PBXGroup;
			children = (
				885DB8051C02C1F700B9138A /* Info.plist */,
				885DB8061C02C1F700B9138A /* main.m */,
			);
			name = "Supporting Files";
			sourceTree = "<group>";
		};
		885DB81D1C02C1F700B9138A /* AppleWatchTests */ = {
			isa = PBXGroup;
			children = (
				885DB8201C02C1F700B9138A /* AppleWatchTests.m */,
				885DB81E1C02C1F700B9138A /* Supporting Files */,
			);
			path = AppleWatchTests;
			sourceTree = "<group>";
		};
		885DB81E1C02C1F700B9138A /* Supporting Files */ = {
			isa = PBXGroup;
			children = (
				885DB81F1C02C1F700B9138A /* Info.plist */,
			);
			name = "Supporting Files";
			sourceTree = "<group>";
		};
/* End PBXGroup section */

/* Begin PBXNativeTarget section */
		885DB8001C02C1F700B9138A /* AppleWatch */ = {
			isa = PBXNativeTarget;
			buildConfigurationList = 885DB8241C02C1F700B9138A /* Build configuration list for PBXNativeTarget "AppleWatch" */;
			buildPhases = (
				885DB7FD1C02C1F700B9138A /* Sources */,
				885DB7FE1C02C1F700B9138A /* Frameworks */,
				885DB7FF1C02C1F700B9138A /* Resources */,
			);
			buildRules = (
			);
			dependencies = (
			);
			name = AppleWatch;
			productName = AppleWatch;
			productReference = 885DB8011C02C1F700B9138A /* AppleWatch.app */;
			productType = "com.apple.product-type.application";
		};
		885DB8191C02C1F700B9138A /* AppleWatchTests */ = {
			isa = PBXNativeTarget;
			buildConfigurationList = 885DB8271C02C1F700B9138A /* Build configuration list for PBXNativeTarget "AppleWatchTests" */;
			buildPhases = (
				885DB8161C02C1F700B9138A /* Sources */,
				885DB8171C02C1F700B9138A /* Frameworks */,
				885DB8181C02C1F700B9138A /* Resources */,
			);
			buildRules = (
			);
			dependencies = (
				885DB81C1C02C1F700B9138A /* PBXTargetDependency */,
			);
			name = AppleWatchTests;
			productName = AppleWatchTests;
			productReference = 885DB81A1C02C1F700B9138A /* AppleWatchTests.xctest */;
			productType = "com.apple.product-type.bundle.unit-test";
		};
/* End PBXNativeTarget section */

/* Begin PBXProject section */
		885DB7F91C02C1F700B9138A /* Project object */ = {
			isa = PBXProject;
			attributes = {
				LastUpgradeCheck = 0640;
				ORGANIZATIONNAME = imac;
				TargetAttributes = {
					885DB8001C02C1F700B9138A = {
						CreatedOnToolsVersion = 6.4;
					};
					885DB8191C02C1F700B9138A = {
						CreatedOnToolsVersion = 6.4;
						TestTargetID = 885DB8001C02C1F700B9138A;
					};
				};
			};
			buildConfigurationList = 885DB7FC1C02C1F700B9138A /* Build configuration list for PBXProject "AppleWatch" */;
			compatibilityVersion = "Xcode 3.2";
			developmentRegion = English;
			hasScannedForEncodings = 0;
			knownRegions = (
				en,
				Base,
			);
			mainGroup = 885DB7F81C02C1F700B9138A;
			productRefGroup = 885DB8021C02C1F700B9138A /* Products */;
			projectDirPath = "";
			projectRoot = "";
			targets = (
				885DB8001C02C1F700B9138A /* AppleWatch */,
				885DB8191C02C1F700B9138A /* AppleWatchTests */,
			);
		};
/* End PBXProject section */

/* Begin PBXResourcesBuildPhase section */
		885DB7FF1C02C1F700B9138A /* Resources */ = {
			isa = PBXResourcesBuildPhase;
			buildActionMask = 2147483647;
			files = (
				885DB82B1C02C21100B9138A /* 钟表.png in Resources */,
				885DB8101C02C1F700B9138A /* Main.storyboard in Resources */,
				885DB8151C02C1F700B9138A /* LaunchScreen.xib in Resources */,
				885DB8121C02C1F700B9138A /* Images.xcassets in Resources */,
			);
			runOnlyForDeploymentPostprocessing = 0;
		};
		885DB8181C02C1F700B9138A /* Resources */ = {
			isa = PBXResourcesBuildPhase;
			buildActionMask = 2147483647;
			files = (
			);
			runOnlyForDeploymentPostprocessing = 0;
		};
/* End PBXResourcesBuildPhase section */

/* Begin PBXSourcesBuildPhase section */
		885DB7FD1C02C1F700B9138A /* Sources */ = {
			isa = PBXSourcesBuildPhase;
			buildActionMask = 2147483647;
			files = (
				885DB80D1C02C1F700B9138A /* ViewController.m in Sources */,
				885DB80A1C02C1F700B9138A /* AppDelegate.m in Sources */,
				885DB8071C02C1F700B9138A /* main.m in Sources */,
			);
			runOnlyForDeploymentPostprocessing = 0;
		};
		885DB8161C02C1F700B9138A /* Sources */ = {
			isa = PBXSourcesBuildPhase;
			buildActionMask = 2147483647;
			files = (
				885DB8211C02C1F700B9138A /* AppleWatchTests.m in Sources */,
			);
			runOnlyForDeploymentPostprocessing = 0;
		};
/* End PBXSourcesBuildPhase section */

/* Begin PBXTargetDependency section */
		885DB81C1C02C1F700B9138A /* PBXTargetDependency */ = {
			isa = PBXTargetDependency;
			target = 885DB8001C02C1F700B9138A /* AppleWatch */;
			targetProxy = 885DB81B1C02C1F700B9138A /* PBXContainerItemProxy */;
		};
/* End PBXTargetDependency section */

/* Begin PBXVariantGroup section */
		885DB80E1C02C1F700B9138A /* Main.storyboard */ = {
			isa = PBXVariantGroup;
			children = (
				885DB80F1C02C1F700B9138A /* Base */,
			);
			name = Main.storyboard;
			sourceTree = "<group>";
		};
		885DB8131C02C1F700B9138A /* LaunchScreen.xib */ = {
			isa = PBXVariantGroup;
			children = (
				885DB8141C02C1F700B9138A /* Base */,
			);
			name = LaunchScreen.xib;
			sourceTree = "<group>";
		};
/* End PBXVariantGroup section */

/* Begin XCBuildConfiguration section */
		885DB8221C02C1F700B9138A /* Debug */ = {
			isa = XCBuildConfiguration;
			buildSettings = {
				ALWAYS_SEARCH_USER_PATHS = NO;
				CLANG_CXX_LANGUAGE_STANDARD = "gnu++0x";
				CLANG_CXX_LIBRARY = "libc++";
				CLANG_ENABLE_MODULES = YES;
				CLANG_ENABLE_OBJC_ARC = YES;
				CLANG_WARN_BOOL_CONVERSION = YES;
				CLANG_WARN_CONSTANT_CONVERSION = YES;
				CLANG_WARN_DIRECT_OBJC_ISA_USAGE = YES_ERROR;
				CLANG_WARN_EMPTY_BODY = YES;
				CLANG_WARN_ENUM_CONVERSION = YES;
				CLANG_WARN_INT_CONVERSION = YES;
				CLANG_WARN_OBJC_ROOT_CLASS = YES_ERROR;
				CLANG_WARN_UNREACHABLE_CODE = YES;
				CLANG_WARN__DUPLICATE_METHOD_MATCH = YES;
				"CODE_SIGN_IDENTITY[sdk=iphoneos*]" = "iPhone Developer";
				COPY_PHASE_STRIP = NO;
				DEBUG_INFORMATION_FORMAT = "dwarf-with-dsym";
				ENABLE_STRICT_OBJC_MSGSEND = YES;
				GCC_C_LANGUAGE_STANDARD = gnu99;
				GCC_DYNAMIC_NO_PIC = NO;
				GCC_NO_COMMON_BLOCKS = YES;
				GCC_OPTIMIZATION_LEVEL = 0;
				GCC_PREPROCESSOR_DEFINITIONS = (
					"DEBUG=1",
					"$(inherited)",
				);
				GCC_SYMBOLS_PRIVATE_EXTERN = NO;
				GCC_WARN_64_TO_32_BIT_CONVERSION = YES;
				GCC_WARN_ABOUT_RETURN_TYPE = YES_ERROR;
				GCC_WARN_UNDECLARED_SELECTOR = YES;
				GCC_WARN_UNINITIALIZED_AUTOS = YES_AGGRESSIVE;
				GCC_WARN_UNUSED_FUNCTION = YES;
				GCC_WARN_UNUSED_VARIABLE = YES;
				IPHONEOS_DEPLOYMENT_TARGET = 8.4;
				MTL_ENABLE_DEBUG_INFO = YES;
				ONLY_ACTIVE_ARCH = YES;
				SDKROOT = iphoneos;
			};
			name = Debug;
		};
		885DB8231C02C1F700B9138A /* Release */ = {
			isa = XCBuildConfiguration;
			buildSettings = {
				ALWAYS_SEARCH_USER_PATHS = NO;
				CLANG_CXX_LANGUAGE_STANDARD = "gnu++0x";
				CLANG_CXX_LIBRARY = "libc++";
				CLANG_ENABLE_MODULES = YES;
				CLANG_ENABLE_OBJC_ARC = YES;
				CLANG_WARN_BOOL_CONVERSION = YES;
				CLANG_WARN_CONSTANT_CONVERSION = YES;
				CLANG_WARN_DIRECT_OBJC_ISA_USAGE = YES_ERROR;
				CLANG_WARN_EMPTY_BODY = YES;
				CLANG_WARN_ENUM_CONVERSION = YES;
				CLANG_WARN_INT_CONVERSION = YES;
				CLANG_WARN_OBJC_ROOT_CLASS = YES_ERROR;
				CLANG_WARN_UNREACHABLE_CODE = YES;
				CLANG_WARN__DUPLICATE_METHOD_MATCH = YES;
				"CODE_SIGN_IDENTITY[sdk=iphoneos*]" = "iPhone Developer";
				COPY_PHASE_STRIP = NO;
				DEBUG_INFORMATION_FORMAT = "dwarf-with-dsym";
				ENABLE_NS_ASSERTIONS = NO;
				ENABLE_STRICT_OBJC_MSGSEND = YES;
				GCC_C_LANGUAGE_STANDARD = gnu99;
				GCC_NO_COMMON_BLOCKS = YES;
				GCC_WARN_64_TO_32_BIT_CONVERSION = YES;
				GCC_WARN_ABOUT_RETURN_TYPE = YES_ERROR;
				GCC_WARN_UNDECLARED_SELECTOR = YES;
				GCC_WARN_UNINITIALIZED_AUTOS = YES_AGGRESSIVE;
				GCC_WARN_UNUSED_FUNCTION = YES;
				GCC_WARN_UNUSED_VARIABLE = YES;
				IPHONEOS_DEPLOYMENT_TARGET = 8.4;
				MTL_ENABLE_DEBUG_INFO = NO;
				SDKROOT = iphoneos;
				VALIDATE_PRODUCT = YES;
			};
			name = Release;
		};
		885DB8251C02C1F700B9138A /* Debug */ = {
			isa = XCBuildConfiguration;
			buildSettings = {
				ASSETCATALOG_COMPILER_APPICON_NAME = AppIcon;
				INFOPLIST_FILE = AppleWatch/Info.plist;
				LD_RUNPATH_SEARCH_PATHS = "$(inherited) @executable_path/Frameworks";
				PRODUCT_NAME = "$(TARGET_NAME)";
			};
			name = Debug;
		};
		885DB8261C02C1F700B9138A /* Release */ = {
			isa = XCBuildConfiguration;
			buildSettings = {
				ASSETCATALOG_COMPILER_APPICON_NAME = AppIcon;
				INFOPLIST_FILE = AppleWatch/Info.plist;
				LD_RUNPATH_SEARCH_PATHS = "$(inherited) @executable_path/Frameworks";
				PRODUCT_NAME = "$(TARGET_NAME)";
			};
			name = Release;
		};
		885DB8281C02C1F700B9138A /* Debug */ = {
			isa = XCBuildConfiguration;
			buildSettings = {
				BUNDLE_LOADER = "$(TEST_HOST)";
				FRAMEWORK_SEARCH_PATHS = (
					"$(SDKROOT)/Developer/Library/Frameworks",
					"$(inherited)",
				);
				GCC_PREPROCESSOR_DEFINITIONS = (
					"DEBUG=1",
					"$(inherited)",
				);
				INFOPLIST_FILE = AppleWatchTests/Info.plist;
				LD_RUNPATH_SEARCH_PATHS = "$(inherited) @executable_path/Frameworks @loader_path/Frameworks";
				PRODUCT_NAME = "$(TARGET_NAME)";
				TEST_HOST = "$(BUILT_PRODUCTS_DIR)/AppleWatch.app/AppleWatch";
			};
			name = Debug;
		};
		885DB8291C02C1F700B9138A /* Release */ = {
			isa = XCBuildConfiguration;
			buildSettings = {
				BUNDLE_LOADER = "$(TEST_HOST)";
				FRAMEWORK_SEARCH_PATHS = (
					"$(SDKROOT)/Developer/Library/Frameworks",
					"$(inherited)",
				);
				INFOPLIST_FILE = AppleWatchTests/Info.plist;
				LD_RUNPATH_SEARCH_PATHS = "$(inherited) @executable_path/Frameworks @loader_path/Frameworks";
				PRODUCT_NAME = "$(TARGET_NAME)";
				TEST_HOST = "$(BUILT_PRODUCTS_DIR)/AppleWatch.app/AppleWatch";
			};
			name = Release;
		};
/* End XCBuildConfiguration section */

/* Begin XCConfigurationList section */
		885DB7FC1C02C1F700B9138A /* Build configuration list for PBXProject "AppleWatch" */ = {
			isa = XCConfigurationList;
			buildConfigurations = (
				885DB8221C02C1F700B9138A /* Debug */,
				885DB8231C02C1F700B9138A /* Release */,
			);
			defaultConfigurationIsVisible = 0;
			defaultConfigurationName = Release;
		};
		885DB8241C02C1F700B9138A /* Build configuration list for PBXNativeTarget "AppleWatch" */ = {
			isa = XCConfigurationList;
			buildConfigurations = (
				885DB8251C02C1F700B9138A /* Debug */,
				885DB8261C02C1F700B9138A /* Release */,
			);
			defaultConfigurationIsVisible = 0;
		};
		885DB8271C02C1F700B9138A /* Build configuration list for PBXNativeTarget "AppleWatchTests" */ = {
			isa = XCConfigurationList;
			buildConfigurations = (
				885DB8281C02C1F700B9138A /* Debug */,
				885DB8291C02C1F700B9138A /* Release */,
			);
			defaultConfigurationIsVisible = 0;
		};
/* End XCConfigurationList section */
	};
	rootObject = 885DB7F91C02C1F700B9138A /* Project object */;
}
